
Microsoft Visual Studio Solution File, Format Version 12.00
# Visual Studio Version 17
VisualStudioVersion = 17.3.32922.545
MinimumVisualStudioVersion = 10.0.40219.1
Project("{8BC9CEB8-8B4A-11D0-8D11-00A0C91BC942}") = "backup", "backup.vcxproj", "{2FA6AF6F-83C1-40FB-82AC-7CFE01711560}"
EndProject
Global
	GlobalSection(SolutionConfigurationPlatforms) = preSolution
		Debug|x64 = Debug|x64
		Debug|x86 = Debug|x86
		Release|x64 = Release|x64
		Release|x86 = Release|x86
	EndGlobalSection
	GlobalSection(ProjectConfigurationPlatforms) = postSolution
		{2FA6AF6F-83C1-40FB-82AC-7CFE01711560}.Debug|x64.ActiveCfg = Debug|x64
		{2FA6AF6F-83C1-40FB-82AC-7CFE01711560}.Debug|x64.Build.0 = Debug|x64
		{2FA6AF6F-83C1-40FB-82AC-7CFE01711560}.Debug|x86.ActiveCfg = Debug|Win32
		{2FA6AF6F-83C1-40FB-82AC-7CFE01711560}.Debug|x86.Build.0 = Debug|Win32
		{2FA6AF6F-83C1-40FB-82AC-7CFE01711560}.Release|x64.ActiveCfg = Release|x64
		{2FA6AF6F-83C1-40FB-82AC-7CFE01711560}.Release|x64.Build.0 = Release|x64
		{2FA6AF6F-83C1-40FB-82AC-7CFE01711560}.Release|x86.ActiveCfg = Release|Win32
		{2FA6AF6F-83C1-40FB-82AC-7CFE01711560}.Release|x86.Build.0 = Release|Win32
	EndGlobalSection
	GlobalSection(SolutionProperties) = preSolution
		HideSolutionNode = FALSE
	EndGlobalSection
	GlobalSection(ExtensibilityGlobals) = postSolution
		SolutionGuid = {14150588-4B24-44A7-80E4-0EDC9599FF5E}
	EndGlobalSection
EndGlobal
